
Microsoft Visual Studio Solution File, Format Version 12.00
# Visual Studio Version 16
VisualStudioVersion = 16.0.30907.101
MinimumVisualStudioVersion = 10.0.40219.1
Project("{FAE04EC0-301F-11D3-BF4B-00C04F79EFBC}") = "WebAppIdentity", "WebAppIdentity\WebAppIdentity.csproj", "{F9CA7E17-3980-4717-8777-46B833AD7326}"
EndProject
Global
	GlobalSection(SolutionConfigurationPlatforms) = preSolution
		Debug|Any CPU = Debug|Any CPU
		Release|Any CPU = Release|Any CPU
	EndGlobalSection
	GlobalSection(ProjectConfigurationPlatforms) = postSolution
		{F9CA7E17-3980-4717-8777-46B833AD7326}.Debug|Any CPU.ActiveCfg = Debug|Any CPU
		{F9CA7E17-3980-4717-8777-46B833AD7326}.Debug|Any CPU.Build.0 = Debug|Any CPU
		{F9CA7E17-3980-4717-8777-46B833AD7326}.Release|Any CPU.ActiveCfg = Release|Any CPU
		{F9CA7E17-3980-4717-8777-46B833AD7326}.Release|Any CPU.Build.0 = Release|Any CPU
	EndGlobalSection
	GlobalSection(SolutionProperties) = preSolution
		HideSolutionNode = FALSE
	EndGlobalSection
	GlobalSection(ExtensibilityGlobals) = postSolution
		SolutionGuid = {7D876C06-E154-496E-BB32-678BF371EC0F}
	EndGlobalSection
EndGlobal
